// !$*UTF8*$!
{
	archiveVersion = 1;
	classes = {
	};
	objectVersion = 56;
	objects = {

/* Begin PBXBuildFile section */
		7F1802542BAE300900DF5851 /* IconBootcamp.swift in Sources */ = {isa = PBXBuildFile; fileRef = 7F1802532BAE300900DF5851 /* IconBootcamp.swift */; };
		7F1802562BAE391200DF5851 /* ImageBootcamp.swift in Sources */ = {isa = PBXBuildFile; fileRef = 7F1802552BAE391100DF5851 /* ImageBootcamp.swift */; };
		7F1802582BAE542B00DF5851 /* HeartIcon.swift in Sources */ = {isa = PBXBuildFile; fileRef = 7F1802572BAE542B00DF5851 /* HeartIcon.swift */; };
		7F18025A2BAEC39600DF5851 /* TextBootcampViewModel.swift in Sources */ = {isa = PBXBuildFile; fileRef = 7F1802592BAEC39600DF5851 /* TextBootcampViewModel.swift */; };
		7F42CB872BAD52D0005C79CD /* NewPrjApp.swift in Sources */ = {isa = PBXBuildFile; fileRef = 7F42CB862BAD52D0005C79CD /* NewPrjApp.swift */; };
		7F42CB892BAD52D0005C79CD /* ContentView.swift in Sources */ = {isa = PBXBuildFile; fileRef = 7F42CB882BAD52D0005C79CD /* ContentView.swift */; };
		7F42CB8B2BAD52D0005C79CD /* Item.swift in Sources */ = {isa = PBXBuildFile; fileRef = 7F42CB8A2BAD52D0005C79CD /* Item.swift */; };
		7F42CB8D2BAD52D2005C79CD /* Assets.xcassets in Resources */ = {isa = PBXBuildFile; fileRef = 7F42CB8C2BAD52D2005C79CD /* Assets.xcassets */; };
		7F42CB902BAD52D2005C79CD /* Preview Assets.xcassets in Resources */ = {isa = PBXBuildFile; fileRef = 7F42CB8F2BAD52D2005C79CD /* Preview Assets.xcassets */; };
		7F42CB9A2BAD52D3005C79CD /* NewPrjTests.swift in Sources */ = {isa = PBXBuildFile; fileRef = 7F42CB992BAD52D3005C79CD /* NewPrjTests.swift */; };
		7F42CBA42BAD52D3005C79CD /* NewPrjUITests.swift in Sources */ = {isa = PBXBuildFile; fileRef = 7F42CBA32BAD52D3005C79CD /* NewPrjUITests.swift */; };
		7F42CBA62BAD52D3005C79CD /* NewPrjUITestsLaunchTests.swift in Sources */ = {isa = PBXBuildFile; fileRef = 7F42CBA52BAD52D3005C79CD /* NewPrjUITestsLaunchTests.swift */; };
		7F42CBB32BAD6466005C79CD /* ColorBootcamp.swift in Sources */ = {isa = PBXBuildFile; fileRef = 7F42CBB22BAD6466005C79CD /* ColorBootcamp.swift */; };
		7FBEE40B2BB14180001459C2 /* kidsLox.swift in Sources */ = {isa = PBXBuildFile; fileRef = 7FBEE40A2BB14180001459C2 /* kidsLox.swift */; };
/* End PBXBuildFile section */

/* Begin PBXContainerItemProxy section */
		7F42CB962BAD52D3005C79CD /* PBXContainerItemProxy */ = {
			isa = PBXContainerItemProxy;
			containerPortal = 7F42CB7B2BAD52D0005C79CD /* Project object */;
			proxyType = 1;
			remoteGlobalIDString = 7F42CB822BAD52D0005C79CD;
			remoteInfo = NewPrj;
		};
		7F42CBA02BAD52D3005C79CD /* PBXContainerItemProxy */ = {
			isa = PBXContainerItemProxy;
			containerPortal = 7F42CB7B2BAD52D0005C79CD /* Project object */;
			proxyType = 1;
			remoteGlobalIDString = 7F42CB822BAD52D0005C79CD;
			remoteInfo = NewPrj;
		};
/* End PBXContainerItemProxy section */

/* Begin PBXFileReference section */
		7F1802532BAE300900DF5851 /* IconBootcamp.swift */ = {isa = PBXFileReference; lastKnownFileType = sourcecode.swift; path = IconBootcamp.swift; sourceTree = "<group>"; };
		7F1802552BAE391100DF5851 /* ImageBootcamp.swift */ = {isa = PBXFileReference; lastKnownFileType = sourcecode.swift; path = ImageBootcamp.swift; sourceTree = "<group>"; };
		7F1802572BAE542B00DF5851 /* HeartIcon.swift */ = {isa = PBXFileReference; lastKnownFileType = sourcecode.swift; path = HeartIcon.swift; sourceTree = "<group>"; };
		7F1802592BAEC39600DF5851 /* TextBootcampViewModel.swift */ = {isa = PBXFileReference; lastKnownFileType = sourcecode.swift; path = TextBootcampViewModel.swift; sourceTree = "<group>"; };
		7F42CB832BAD52D0005C79CD /* NewPrj.app */ = {isa = PBXFileReference; explicitFileType = wrapper.application; includeInIndex = 0; path = NewPrj.app; sourceTree = BUILT_PRODUCTS_DIR; };
		7F42CB862BAD52D0005C79CD /* NewPrjApp.swift */ = {isa = PBXFileReference; lastKnownFileType = sourcecode.swift; path = NewPrjApp.swift; sourceTree = "<group>"; };
		7F42CB882BAD52D0005C79CD /* ContentView.swift */ = {isa = PBXFileReference; lastKnownFileType = sourcecode.swift; path = ContentView.swift; sourceTree = "<group>"; };
		7F42CB8A2BAD52D0005C79CD /* Item.swift */ = {isa = PBXFileReference; lastKnownFileType = sourcecode.swift; path = Item.swift; sourceTree = "<group>"; };
		7F42CB8C2BAD52D2005C79CD /* Assets.xcassets */ = {isa = PBXFileReference; lastKnownFileType = folder.assetcatalog; path = Assets.xcassets; sourceTree = "<group>"; };
		7F42CB8F2BAD52D2005C79CD /* Preview Assets.xcassets */ = {isa = PBXFileReference; lastKnownFileType = folder.assetcatalog; path = "Preview Assets.xcassets"; sourceTree = "<group>"; };
		7F42CB952BAD52D3005C79CD /* NewPrjTests.xctest */ = {isa = PBXFileReference; explicitFileType = wrapper.cfbundle; includeInIndex = 0; path = NewPrjTests.xctest; sourceTree = BUILT_PRODUCTS_DIR; };
		7F42CB992BAD52D3005C79CD /* NewPrjTests.swift */ = {isa = PBXFileReference; lastKnownFileType = sourcecode.swift; path = NewPrjTests.swift; sourceTree = "<group>"; };
		7F42CB9F2BAD52D3005C79CD /* NewPrjUITests.xctest */ = {isa = PBXFileReference; explicitFileType = wrapper.cfbundle; includeInIndex = 0; path = NewPrjUITests.xctest; sourceTree = BUILT_PRODUCTS_DIR; };
		7F42CBA32BAD52D3005C79CD /* NewPrjUITests.swift */ = {isa = PBXFileReference; lastKnownFileType = sourcecode.swift; path = NewPrjUITests.swift; sourceTree = "<group>"; };
		7F42CBA52BAD52D3005C79CD /* NewPrjUITestsLaunchTests.swift */ = {isa = PBXFileReference; lastKnownFileType = sourcecode.swift; path = NewPrjUITestsLaunchTests.swift; sourceTree = "<group>"; };
		7F42CBB22BAD6466005C79CD /* ColorBootcamp.swift */ = {isa = PBXFileReference; lastKnownFileType = sourcecode.swift; path = ColorBootcamp.swift; sourceTree = "<group>"; };
		7FBEE40A2BB14180001459C2 /* kidsLox.swift */ = {isa = PBXFileReference; lastKnownFileType = sourcecode.swift; path = kidsLox.swift; sourceTree = "<group>"; };
/* End PBXFileReference section */

/* Begin PBXFrameworksBuildPhase section */
		7F42CB802BAD52D0005C79CD /* Frameworks */ = {
			isa = PBXFrameworksBuildPhase;
			buildActionMask = 2147483647;
			files = (
			);
			runOnlyForDeploymentPostprocessing = 0;
		};
		7F42CB922BAD52D3005C79CD /* Frameworks */ = {
			isa = PBXFrameworksBuildPhase;
			buildActionMask = 2147483647;
			files = (
			);
			runOnlyForDeploymentPostprocessing = 0;
		};
		7F42CB9C2BAD52D3005C79CD /* Frameworks */ = {
			isa = PBXFrameworksBuildPhase;
			buildActionMask = 2147483647;
			files = (
			);
			runOnlyForDeploymentPostprocessing = 0;
		};
/* End PBXFrameworksBuildPhase section */

/* Begin PBXGroup section */
		7F42CB7A2BAD52D0005C79CD = {
			isa = PBXGroup;
			children = (
				7F42CB852BAD52D0005C79CD /* NewPrj */,
				7F42CB982BAD52D3005C79CD /* NewPrjTests */,
				7F42CBA22BAD52D3005C79CD /* NewPrjUITests */,
				7F42CB842BAD52D0005C79CD /* Products */,
			);
			sourceTree = "<group>";
		};
		7F42CB842BAD52D0005C79CD /* Products */ = {
			isa = PBXGroup;
			children = (
				7F42CB832BAD52D0005C79CD /* NewPrj.app */,
				7F42CB952BAD52D3005C79CD /* NewPrjTests.xctest */,
				7F42CB9F2BAD52D3005C79CD /* NewPrjUITests.xctest */,
			);
			name = Products;
			sourceTree = "<group>";
		};
		7F42CB852BAD52D0005C79CD /* NewPrj */ = {
			isa = PBXGroup;
			children = (
				7F42CB862BAD52D0005C79CD /* NewPrjApp.swift */,
				7F42CB882BAD52D0005C79CD /* ContentView.swift */,
				7F1802592BAEC39600DF5851 /* TextBootcampViewModel.swift */,
				7F42CBB22BAD6466005C79CD /* ColorBootcamp.swift */,
				7F1802532BAE300900DF5851 /* IconBootcamp.swift */,
				7F1802552BAE391100DF5851 /* ImageBootcamp.swift */,
				7FBEE40A2BB14180001459C2 /* kidsLox.swift */,
				7F1802572BAE542B00DF5851 /* HeartIcon.swift */,
				7F42CB8A2BAD52D0005C79CD /* Item.swift */,
				7F42CB8C2BAD52D2005C79CD /* Assets.xcassets */,
				7F42CB8E2BAD52D2005C79CD /* Preview Content */,
			);
			path = NewPrj;
			sourceTree = "<group>";
		};
		7F42CB8E2BAD52D2005C79CD /* Preview Content */ = {
			isa = PBXGroup;
			children = (
				7F42CB8F2BAD52D2005C79CD /* Preview Assets.xcassets */,
			);
			path = "Preview Content";
			sourceTree = "<group>";
		};
		7F42CB982BAD52D3005C79CD /* NewPrjTests */ = {
			isa = PBXGroup;
			children = (
				7F42CB992BAD52D3005C79CD /* NewPrjTests.swift */,
			);
			path = NewPrjTests;
			sourceTree = "<group>";
		};
		7F42CBA22BAD52D3005C79CD /* NewPrjUITests */ = {
			isa = PBXGroup;
			children = (
				7F42CBA32BAD52D3005C79CD /* NewPrjUITests.swift */,
				7F42CBA52BAD52D3005C79CD /* NewPrjUITestsLaunchTests.swift */,
			);
			path = NewPrjUITests;
			sourceTree = "<group>";
		};
/* End PBXGroup section */

/* Begin PBXNativeTarget section */
		7F42CB822BAD52D0005C79CD /* NewPrj */ = {
			isa = PBXNativeTarget;
			buildConfigurationList = 7F42CBA92BAD52D3005C79CD /* Build configuration list for PBXNativeTarget "NewPrj" */;
			buildPhases = (
				7F42CB7F2BAD52D0005C79CD /* Sources */,
				7F42CB802BAD52D0005C79CD /* Frameworks */,
				7F42CB812BAD52D0005C79CD /* Resources */,
			);
			buildRules = (
			);
			dependencies = (
			);
			name = NewPrj;
			productName = NewPrj;
			productReference = 7F42CB832BAD52D0005C79CD /* NewPrj.app */;
			productType = "com.apple.product-type.application";
		};
		7F42CB942BAD52D3005C79CD /* NewPrjTests */ = {
			isa = PBXNativeTarget;
			buildConfigurationList = 7F42CBAC2BAD52D3005C79CD /* Build configuration list for PBXNativeTarget "NewPrjTests" */;
			buildPhases = (
				7F42CB912BAD52D3005C79CD /* Sources */,
				7F42CB922BAD52D3005C79CD /* Frameworks */,
				7F42CB932BAD52D3005C79CD /* Resources */,
			);
			buildRules = (
			);
			dependencies = (
				7F42CB972BAD52D3005C79CD /* PBXTargetDependency */,
			);
			name = NewPrjTests;
			productName = NewPrjTests;
			productReference = 7F42CB952BAD52D3005C79CD /* NewPrjTests.xctest */;
			productType = "com.apple.product-type.bundle.unit-test";
		};
		7F42CB9E2BAD52D3005C79CD /* NewPrjUITests */ = {
			isa = PBXNativeTarget;
			buildConfigurationList = 7F42CBAF2BAD52D3005C79CD /* Build configuration list for PBXNativeTarget "NewPrjUITests" */;
			buildPhases = (
				7F42CB9B2BAD52D3005C79CD /* Sources */,
				7F42CB9C2BAD52D3005C79CD /* Frameworks */,
				7F42CB9D2BAD52D3005C79CD /* Resources */,
			);
			buildRules = (
			);
			dependencies = (
				7F42CBA12BAD52D3005C79CD /* PBXTargetDependency */,
			);
			name = NewPrjUITests;
			productName = NewPrjUITests;
			productReference = 7F42CB9F2BAD52D3005C79CD /* NewPrjUITests.xctest */;
			productType = "com.apple.product-type.bundle.ui-testing";
		};
/* End PBXNativeTarget section */

/* Begin PBXProject section */
		7F42CB7B2BAD52D0005C79CD /* Project object */ = {
			isa = PBXProject;
			attributes = {
				BuildIndependentTargetsInParallel = 1;
				LastSwiftUpdateCheck = 1530;
				LastUpgradeCheck = 1530;
				TargetAttributes = {
					7F42CB822BAD52D0005C79CD = {
						CreatedOnToolsVersion = 15.3;
					};
					7F42CB942BAD52D3005C79CD = {
						CreatedOnToolsVersion = 15.3;
						TestTargetID = 7F42CB822BAD52D0005C79CD;
					};
					7F42CB9E2BAD52D3005C79CD = {
						CreatedOnToolsVersion = 15.3;
						TestTargetID = 7F42CB822BAD52D0005C79CD;
					};
				};
			};
			buildConfigurationList = 7F42CB7E2BAD52D0005C79CD /* Build configuration list for PBXProject "NewPrj" */;
			compatibilityVersion = "Xcode 14.0";
			developmentRegion = en;
			hasScannedForEncodings = 0;
			knownRegions = (
				en,
				Base,
			);
			mainGroup = 7F42CB7A2BAD52D0005C79CD;
			productRefGroup = 7F42CB842BAD52D0005C79CD /* Products */;
			projectDirPath = "";
			projectRoot = "";
			targets = (
				7F42CB822BAD52D0005C79CD /* NewPrj */,
				7F42CB942BAD52D3005C79CD /* NewPrjTests */,
				7F42CB9E2BAD52D3005C79CD /* NewPrjUITests */,
			);
		};
/* End PBXProject section */

/* Begin PBXResourcesBuildPhase section */
		7F42CB812BAD52D0005C79CD /* Resources */ = {
			isa = PBXResourcesBuildPhase;
			buildActionMask = 2147483647;
			files = (
				7F42CB902BAD52D2005C79CD /* Preview Assets.xcassets in Resources */,
				7F42CB8D2BAD52D2005C79CD /* Assets.xcassets in Resources */,
			);
			runOnlyForDeploymentPostprocessing = 0;
		};
		7F42CB932BAD52D3005C79CD /* Resources */ = {
			isa = PBXResourcesBuildPhase;
			buildActionMask = 2147483647;
			files = (
			);
			runOnlyForDeploymentPostprocessing = 0;
		};
		7F42CB9D2BAD52D3005C79CD /* Resources */ = {
			isa = PBXResourcesBuildPhase;
			buildActionMask = 2147483647;
			files = (
			);
			runOnlyForDeploymentPostprocessing = 0;
		};
/* End PBXResourcesBuildPhase section */

/* Begin PBXSourcesBuildPhase section */
		7F42CB7F2BAD52D0005C79CD /* Sources */ = {
			isa = PBXSourcesBuildPhase;
			buildActionMask = 2147483647;
			files = (
				7F42CB892BAD52D0005C79CD /* ContentView.swift in Sources */,
				7F42CB8B2BAD52D0005C79CD /* Item.swift in Sources */,
				7F1802582BAE542B00DF5851 /* HeartIcon.swift in Sources */,
				7F42CBB32BAD6466005C79CD /* ColorBootcamp.swift in Sources */,
				7FBEE40B2BB14180001459C2 /* kidsLox.swift in Sources */,
				7F18025A2BAEC39600DF5851 /* TextBootcampViewModel.swift in Sources */,
				7F1802542BAE300900DF5851 /* IconBootcamp.swift in Sources */,
				7F1802562BAE391200DF5851 /* ImageBootcamp.swift in Sources */,
				7F42CB872BAD52D0005C79CD /* NewPrjApp.swift in Sources */,
			);
			runOnlyForDeploymentPostprocessing = 0;
		};
		7F42CB912BAD52D3005C79CD /* Sources */ = {
			isa = PBXSourcesBuildPhase;
			buildActionMask = 2147483647;
			files = (
				7F42CB9A2BAD52D3005C79CD /* NewPrjTests.swift in Sources */,
			);
			runOnlyForDeploymentPostprocessing = 0;
		};
		7F42CB9B2BAD52D3005C79CD /* Sources */ = {
			isa = PBXSourcesBuildPhase;
			buildActionMask = 2147483647;
			files = (
				7F42CBA62BAD52D3005C79CD /* NewPrjUITestsLaunchTests.swift in Sources */,
				7F42CBA42BAD52D3005C79CD /* NewPrjUITests.swift in Sources */,
			);
			runOnlyForDeploymentPostprocessing = 0;
		};
/* End PBXSourcesBuildPhase section */

/* Begin PBXTargetDependency section */
		7F42CB972BAD52D3005C79CD /* PBXTargetDependency */ = {
			isa = PBXTargetDependency;
			target = 7F42CB822BAD52D0005C79CD /* NewPrj */;
			targetProxy = 7F42CB962BAD52D3005C79CD /* PBXContainerItemProxy */;
		};
		7F42CBA12BAD52D3005C79CD /* PBXTargetDependency */ = {
			isa = PBXTargetDependency;
			target = 7F42CB822BAD52D0005C79CD /* NewPrj */;
			targetProxy = 7F42CBA02BAD52D3005C79CD /* PBXContainerItemProxy */;
		};
/* End PBXTargetDependency section */

/* Begin XCBuildConfiguration section */
		7F42CBA72BAD52D3005C79CD /* Debug */ = {
			isa = XCBuildConfiguration;
			buildSettings = {
				ALWAYS_SEARCH_USER_PATHS = NO;
				ASSETCATALOG_COMPILER_GENERATE_SWIFT_ASSET_SYMBOL_EXTENSIONS = YES;
				CLANG_ANALYZER_NONNULL = YES;
				CLANG_ANALYZER_NUMBER_OBJECT_CONVERSION = YES_AGGRESSIVE;
				CLANG_CXX_LANGUAGE_STANDARD = "gnu++20";
				CLANG_ENABLE_MODULES = YES;
				CLANG_ENABLE_OBJC_ARC = YES;
				CLANG_ENABLE_OBJC_WEAK = YES;
				CLANG_WARN_BLOCK_CAPTURE_AUTORELEASING = YES;
				CLANG_WARN_BOOL_CONVERSION = YES;
				CLANG_WARN_COMMA = YES;
				CLANG_WARN_CONSTANT_CONVERSION = YES;
				CLANG_WARN_DEPRECATED_OBJC_IMPLEMENTATIONS = YES;
				CLANG_WARN_DIRECT_OBJC_ISA_USAGE = YES_ERROR;
				CLANG_WARN_DOCUMENTATION_COMMENTS = YES;
				CLANG_WARN_EMPTY_BODY = YES;
				CLANG_WARN_ENUM_CONVERSION = YES;
				CLANG_WARN_INFINITE_RECURSION = YES;
				CLANG_WARN_INT_CONVERSION = YES;
				CLANG_WARN_NON_LITERAL_NULL_CONVERSION = YES;
				CLANG_WARN_OBJC_IMPLICIT_RETAIN_SELF = YES;
				CLANG_WARN_OBJC_LITERAL_CONVERSION = YES;
				CLANG_WARN_OBJC_ROOT_CLASS = YES_ERROR;
				CLANG_WARN_QUOTED_INCLUDE_IN_FRAMEWORK_HEADER = YES;
				CLANG_WARN_RANGE_LOOP_ANALYSIS = YES;
				CLANG_WARN_STRICT_PROTOTYPES = YES;
				CLANG_WARN_SUSPICIOUS_MOVE = YES;
				CLANG_WARN_UNGUARDED_AVAILABILITY = YES_AGGRESSIVE;
				CLANG_WARN_UNREACHABLE_CODE = YES;
				CLANG_WARN__DUPLICATE_METHOD_MATCH = YES;
				COPY_PHASE_STRIP = NO;
				DEBUG_INFORMATION_FORMAT = dwarf;
				ENABLE_STRICT_OBJC_MSGSEND = YES;
				ENABLE_TESTABILITY = YES;
				ENABLE_USER_SCRIPT_SANDBOXING = YES;
				GCC_C_LANGUAGE_STANDARD = gnu17;
				GCC_DYNAMIC_NO_PIC = NO;
				GCC_NO_COMMON_BLOCKS = YES;
				GCC_OPTIMIZATION_LEVEL = 0;
				GCC_PREPROCESSOR_DEFINITIONS = (
					"DEBUG=1",
					"$(inherited)",
				);
				GCC_WARN_64_TO_32_BIT_CONVERSION = YES;
				GCC_WARN_ABOUT_RETURN_TYPE = YES_ERROR;
				GCC_WARN_UNDECLARED_SELECTOR = YES;
				GCC_WARN_UNINITIALIZED_AUTOS = YES_AGGRESSIVE;
				GCC_WARN_UNUSED_FUNCTION = YES;
				GCC_WARN_UNUSED_VARIABLE = YES;
				IPHONEOS_DEPLOYMENT_TARGET = 17.4;
				LOCALIZATION_PREFERS_STRING_CATALOGS = YES;
				MTL_ENABLE_DEBUG_INFO = INCLUDE_SOURCE;
				MTL_FAST_MATH = YES;
				ONLY_ACTIVE_ARCH = YES;
				SDKROOT = iphoneos;
				SWIFT_ACTIVE_COMPILATION_CONDITIONS = "DEBUG $(inherited)";
				SWIFT_OPTIMIZATION_LEVEL = "-Onone";
			};
			name = Debug;
		};
		7F42CBA82BAD52D3005C79CD /* Release */ = {
			isa = XCBuildConfiguration;
			buildSettings = {
				ALWAYS_SEARCH_USER_PATHS = NO;
				ASSETCATALOG_COMPILER_GENERATE_SWIFT_ASSET_SYMBOL_EXTENSIONS = YES;
				CLANG_ANALYZER_NONNULL = YES;
				CLANG_ANALYZER_NUMBER_OBJECT_CONVERSION = YES_AGGRESSIVE;
				CLANG_CXX_LANGUAGE_STANDARD = "gnu++20";
				CLANG_ENABLE_MODULES = YES;
				CLANG_ENABLE_OBJC_ARC = YES;
				CLANG_ENABLE_OBJC_WEAK = YES;
				CLANG_WARN_BLOCK_CAPTURE_AUTORELEASING = YES;
				CLANG_WARN_BOOL_CONVERSION = YES;
				CLANG_WARN_COMMA = YES;
				CLANG_WARN_CONSTANT_CONVERSION = YES;
				CLANG_WARN_DEPRECATED_OBJC_IMPLEMENTATIONS = YES;
				CLANG_WARN_DIRECT_OBJC_ISA_USAGE = YES_ERROR;
				CLANG_WARN_DOCUMENTATION_COMMENTS = YES;
				CLANG_WARN_EMPTY_BODY = YES;
				CLANG_WARN_ENUM_CONVERSION = YES;
				CLANG_WARN_INFINITE_RECURSION = YES;
				CLANG_WARN_INT_CONVERSION = YES;
				CLANG_WARN_NON_LITERAL_NULL_CONVERSION = YES;
				CLANG_WARN_OBJC_IMPLICIT_RETAIN_SELF = YES;
				CLANG_WARN_OBJC_LITERAL_CONVERSION = YES;
				CLANG_WARN_OBJC_ROOT_CLASS = YES_ERROR;
				CLANG_WARN_QUOTED_INCLUDE_IN_FRAMEWORK_HEADER = YES;
				CLANG_WARN_RANGE_LOOP_ANALYSIS = YES;
				CLANG_WARN_STRICT_PROTOTYPES = YES;
				CLANG_WARN_SUSPICIOUS_MOVE = YES;
				CLANG_WARN_UNGUARDED_AVAILABILITY = YES_AGGRESSIVE;
				CLANG_WARN_UNREACHABLE_CODE = YES;
				CLANG_WARN__DUPLICATE_METHOD_MATCH = YES;
				COPY_PHASE_STRIP = NO;
				DEBUG_INFORMATION_FORMAT = "dwarf-with-dsym";
				ENABLE_NS_ASSERTIONS = NO;
				ENABLE_STRICT_OBJC_MSGSEND = YES;
				ENABLE_USER_SCRIPT_SANDBOXING = YES;
				GCC_C_LANGUAGE_STANDARD = gnu17;
				GCC_NO_COMMON_BLOCKS = YES;
				GCC_WARN_64_TO_32_BIT_CONVERSION = YES;
				GCC_WARN_ABOUT_RETURN_TYPE = YES_ERROR;
				GCC_WARN_UNDECLARED_SELECTOR = YES;
				GCC_WARN_UNINITIALIZED_AUTOS = YES_AGGRESSIVE;
				GCC_WARN_UNUSED_FUNCTION = YES;
				GCC_WARN_UNUSED_VARIABLE = YES;
				IPHONEOS_DEPLOYMENT_TARGET = 17.4;
				LOCALIZATION_PREFERS_STRING_CATALOGS = YES;
				MTL_ENABLE_DEBUG_INFO = NO;
				MTL_FAST_MATH = YES;
				SDKROOT = iphoneos;
				SWIFT_COMPILATION_MODE = wholemodule;
				VALIDATE_PRODUCT = YES;
			};
			name = Release;
		};
		7F42CBAA2BAD52D3005C79CD /* Debug */ = {
			isa = XCBuildConfiguration;
			buildSettings = {
				ASSETCATALOG_COMPILER_APPICON_NAME = AppIcon;
				ASSETCATALOG_COMPILER_GLOBAL_ACCENT_COLOR_NAME = AccentColor;
				CODE_SIGN_STYLE = Automatic;
				CURRENT_PROJECT_VERSION = 1;
				DEVELOPMENT_ASSET_PATHS = "\"NewPrj/Preview Content\"";
				DEVELOPMENT_TEAM = VU9VHQV6FU;
				ENABLE_PREVIEWS = YES;
				GENERATE_INFOPLIST_FILE = YES;
				INFOPLIST_KEY_UIApplicationSceneManifest_Generation = YES;
				INFOPLIST_KEY_UIApplicationSupportsIndirectInputEvents = YES;
				INFOPLIST_KEY_UILaunchScreen_Generation = YES;
				INFOPLIST_KEY_UISupportedInterfaceOrientations_iPad = "UIInterfaceOrientationPortrait UIInterfaceOrientationPortraitUpsideDown UIInterfaceOrientationLandscapeLeft UIInterfaceOrientationLandscapeRight";
				INFOPLIST_KEY_UISupportedInterfaceOrientations_iPhone = "UIInterfaceOrientationPortrait UIInterfaceOrientationLandscapeLeft UIInterfaceOrientationLandscapeRight";
				IPHONEOS_DEPLOYMENT_TARGET = 17.0;
				LD_RUNPATH_SEARCH_PATHS = (
					"$(inherited)",
					"@executable_path/Frameworks",
				);
				MARKETING_VERSION = 1.0;
				PRODUCT_BUNDLE_IDENTIFIER = com.armina.NewPrj;
				PRODUCT_NAME = "$(TARGET_NAME)";
				SWIFT_EMIT_LOC_STRINGS = YES;
				SWIFT_VERSION = 5.0;
				TARGETED_DEVICE_FAMILY = "1,2";
			};
			name = Debug;
		};
		7F42CBAB2BAD52D3005C79CD /* Release */ = {
			isa = XCBuildConfiguration;
			buildSettings = {
				ASSETCATALOG_COMPILER_APPICON_NAME = AppIcon;
				ASSETCATALOG_COMPILER_GLOBAL_ACCENT_COLOR_NAME = AccentColor;
				CODE_SIGN_STYLE = Automatic;
				CURRENT_PROJECT_VERSION = 1;
				DEVELOPMENT_ASSET_PATHS = "\"NewPrj/Preview Content\"";
				DEVELOPMENT_TEAM = VU9VHQV6FU;
				ENABLE_PREVIEWS = YES;
				GENERATE_INFOPLIST_FILE = YES;
				INFOPLIST_KEY_UIApplicationSceneManifest_Generation = YES;
				INFOPLIST_KEY_UIApplicationSupportsIndirectInputEvents = YES;
				INFOPLIST_KEY_UILaunchScreen_Generation = YES;
				INFOPLIST_KEY_UISupportedInterfaceOrientations_iPad = "UIInterfaceOrientationPortrait UIInterfaceOrientationPortraitUpsideDown UIInterfaceOrientationLandscapeLeft UIInterfaceOrientationLandscapeRight";
				INFOPLIST_KEY_UISupportedInterfaceOrientations_iPhone = "UIInterfaceOrientationPortrait UIInterfaceOrientationLandscapeLeft UIInterfaceOrientationLandscapeRight";
				IPHONEOS_DEPLOYMENT_TARGET = 17.0;
				LD_RUNPATH_SEARCH_PATHS = (
					"$(inherited)",
					"@executable_path/Frameworks",
				);
				MARKETING_VERSION = 1.0;
				PRODUCT_BUNDLE_IDENTIFIER = com.armina.NewPrj;
				PRODUCT_NAME = "$(TARGET_NAME)";
				SWIFT_EMIT_LOC_STRINGS = YES;
				SWIFT_VERSION = 5.0;
				TARGETED_DEVICE_FAMILY = "1,2";
			};
			name = Release;
		};
		7F42CBAD2BAD52D3005C79CD /* Debug */ = {
			isa = XCBuildConfiguration;
			buildSettings = {
				ALWAYS_EMBED_SWIFT_STANDARD_LIBRARIES = YES;
				BUNDLE_LOADER = "$(TEST_HOST)";
				CODE_SIGN_STYLE = Automatic;
				CURRENT_PROJECT_VERSION = 1;
				GENERATE_INFOPLIST_FILE = YES;
				IPHONEOS_DEPLOYMENT_TARGET = 17.4;
				MARKETING_VERSION = 1.0;
				PRODUCT_BUNDLE_IDENTIFIER = com.armina.NewPrjTests;
				PRODUCT_NAME = "$(TARGET_NAME)";
				SWIFT_EMIT_LOC_STRINGS = NO;
				SWIFT_VERSION = 5.0;
				TARGETED_DEVICE_FAMILY = "1,2";
				TEST_HOST = "$(BUILT_PRODUCTS_DIR)/NewPrj.app/$(BUNDLE_EXECUTABLE_FOLDER_PATH)/NewPrj";
			};
			name = Debug;
		};
		7F42CBAE2BAD52D3005C79CD /* Release */ = {
			isa = XCBuildConfiguration;
			buildSettings = {
				ALWAYS_EMBED_SWIFT_STANDARD_LIBRARIES = YES;
				BUNDLE_LOADER = "$(TEST_HOST)";
				CODE_SIGN_STYLE = Automatic;
				CURRENT_PROJECT_VERSION = 1;
				GENERATE_INFOPLIST_FILE = YES;
				IPHONEOS_DEPLOYMENT_TARGET = 17.4;
				MARKETING_VERSION = 1.0;
				PRODUCT_BUNDLE_IDENTIFIER = com.armina.NewPrjTests;
				PRODUCT_NAME = "$(TARGET_NAME)";
				SWIFT_EMIT_LOC_STRINGS = NO;
				SWIFT_VERSION = 5.0;
				TARGETED_DEVICE_FAMILY = "1,2";
				TEST_HOST = "$(BUILT_PRODUCTS_DIR)/NewPrj.app/$(BUNDLE_EXECUTABLE_FOLDER_PATH)/NewPrj";
			};
			name = Release;
		};
		7F42CBB02BAD52D3005C79CD /* Debug */ = {
			isa = XCBuildConfiguration;
			buildSettings = {
				ALWAYS_EMBED_SWIFT_STANDARD_LIBRARIES = YES;
				CODE_SIGN_STYLE = Automatic;
				CURRENT_PROJECT_VERSION = 1;
				GENERATE_INFOPLIST_FILE = YES;
				MARKETING_VERSION = 1.0;
				PRODUCT_BUNDLE_IDENTIFIER = com.armina.NewPrjUITests;
				PRODUCT_NAME = "$(TARGET_NAME)";
				SWIFT_EMIT_LOC_STRINGS = NO;
				SWIFT_VERSION = 5.0;
				TARGETED_DEVICE_FAMILY = "1,2";
				TEST_TARGET_NAME = NewPrj;
			};
			name = Debug;
		};
		7F42CBB12BAD52D3005C79CD /* Release */ = {
			isa = XCBuildConfiguration;
			buildSettings = {
				ALWAYS_EMBED_SWIFT_STANDARD_LIBRARIES = YES;
				CODE_SIGN_STYLE = Automatic;
				CURRENT_PROJECT_VERSION = 1;
				GENERATE_INFOPLIST_FILE = YES;
				MARKETING_VERSION = 1.0;
				PRODUCT_BUNDLE_IDENTIFIER = com.armina.NewPrjUITests;
				PRODUCT_NAME = "$(TARGET_NAME)";
				SWIFT_EMIT_LOC_STRINGS = NO;
				SWIFT_VERSION = 5.0;
				TARGETED_DEVICE_FAMILY = "1,2";
				TEST_TARGET_NAME = NewPrj;
			};
			name = Release;
		};
/* End XCBuildConfiguration section */

/* Begin XCConfigurationList section */
		7F42CB7E2BAD52D0005C79CD /* Build configuration list for PBXProject "NewPrj" */ = {
			isa = XCConfigurationList;
			buildConfigurations = (
				7F42CBA72BAD52D3005C79CD /* Debug */,
				7F42CBA82BAD52D3005C79CD /* Release */,
			);
			defaultConfigurationIsVisible = 0;
			defaultConfigurationName = Release;
		};
		7F42CBA92BAD52D3005C79CD /* Build configuration list for PBXNativeTarget "NewPrj" */ = {
			isa = XCConfigurationList;
			buildConfigurations = (
				7F42CBAA2BAD52D3005C79CD /* Debug */,
				7F42CBAB2BAD52D3005C79CD /* Release */,
			);
			defaultConfigurationIsVisible = 0;
			defaultConfigurationName = Release;
		};
		7F42CBAC2BAD52D3005C79CD /* Build configuration list for PBXNativeTarget "NewPrjTests" */ = {
			isa = XCConfigurationList;
			buildConfigurations = (
				7F42CBAD2BAD52D3005C79CD /* Debug */,
				7F42CBAE2BAD52D3005C79CD /* Release */,
			);
			defaultConfigurationIsVisible = 0;
			defaultConfigurationName = Release;
		};
		7F42CBAF2BAD52D3005C79CD /* Build configuration list for PBXNativeTarget "NewPrjUITests" */ = {
			isa = XCConfigurationList;
			buildConfigurations = (
				7F42CBB02BAD52D3005C79CD /* Debug */,
				7F42CBB12BAD52D3005C79CD /* Release */,
			);
			defaultConfigurationIsVisible = 0;
			defaultConfigurationName = Release;
		};
/* End XCConfigurationList section */
	};
	rootObject = 7F42CB7B2BAD52D0005C79CD /* Project object */;
}
